
Microsoft Visual Studio Solution File, Format Version 12.00
# Visual Studio Version 16
VisualStudioVersion = 16.0.31005.135
MinimumVisualStudioVersion = 10.0.40219.1
Project("{FAE04EC0-301F-11D3-BF4B-00C04F79EFBC}") = "G6E3", "G6E3\G6E3.csproj", "{D7D34D00-8E1C-4F17-88E9-8A3D67F02F38}"
EndProject
Global
	GlobalSection(SolutionConfigurationPlatforms) = preSolution
		Debug|Any CPU = Debug|Any CPU
		Release|Any CPU = Release|Any CPU
	EndGlobalSection
	GlobalSection(ProjectConfigurationPlatforms) = postSolution
		{D7D34D00-8E1C-4F17-88E9-8A3D67F02F38}.Debug|Any CPU.ActiveCfg = Debug|Any CPU
		{D7D34D00-8E1C-4F17-88E9-8A3D67F02F38}.Debug|Any CPU.Build.0 = Debug|Any CPU
		{D7D34D00-8E1C-4F17-88E9-8A3D67F02F38}.Release|Any CPU.ActiveCfg = Release|Any CPU
		{D7D34D00-8E1C-4F17-88E9-8A3D67F02F38}.Release|Any CPU.Build.0 = Release|Any CPU
	EndGlobalSection
	GlobalSection(SolutionProperties) = preSolution
		HideSolutionNode = FALSE
	EndGlobalSection
	GlobalSection(ExtensibilityGlobals) = postSolution
		SolutionGuid = {E302925B-74D2-4115-AD0F-8BC6F79757D8}
	EndGlobalSection
EndGlobal
